
Microsoft Visual Studio Solution File, Format Version 11.00
# Visual Studio 2010
Project("{FAE04EC0-301F-11D3-BF4B-00C04F79EFBC}") = "Appacitive.Tools.DBImport", "Appacitive.Tools.DBImport\Appacitive.Tools.DBImport.csproj", "{D62FD373-B926-47C5-BD47-364C598DE999}"
EndProject
Project("{2150E333-8FDC-42A3-9474-1A3956D46DE8}") = "DBPlugins", "DBPlugins", "{FDAF9EA0-A6EC-4AB2-8143-3E369E725FD5}"
EndProject
Project("{FAE04EC0-301F-11D3-BF4B-00C04F79EFBC}") = "Appacitive.Tools.DBImport.SQLServer", "Appacitive.Tools.DBImport.SQLServer\Appacitive.Tools.DBImport.SQLServer.csproj", "{103FFD66-7759-415E-B356-2771089B109C}"
EndProject
Project("{FAE04EC0-301F-11D3-BF4B-00C04F79EFBC}") = "Appacitive.Tools.DBImport.MySQL", "Appacitive.Tools.DBImport.MySQL\Appacitive.Tools.DBImport.MySQL.csproj", "{A62A9F78-8311-4DA5-B7E4-97710F34984A}"
EndProject
Project("{2150E333-8FDC-42A3-9474-1A3956D46DE8}") = "References", "References", "{1614D1E6-6454-48EC-A583-35B7AA78AE44}"
	ProjectSection(SolutionItems) = preProject
		Library\MySQL\MySql.Data.dll = Library\MySQL\MySql.Data.dll
		Library\MySQL\MySql.Web.dll = Library\MySQL\MySql.Web.dll
		Library\Newtonsoft.Json.dll = Library\Newtonsoft.Json.dll
	EndProjectSection
EndProject
Project("{FAE04EC0-301F-11D3-BF4B-00C04F79EFBC}") = "Appacitive.Tools.DBImport.Tests", "Appacitive.Tools.DBImport.Tests\Appacitive.Tools.DBImport.Tests.csproj", "{AB91CC84-6566-45F4-BA54-5169F9880522}"
EndProject
Project("{FAE04EC0-301F-11D3-BF4B-00C04F79EFBC}") = "Appacitive.Tools.DBImport.Interfaces", "Appacitive.Tools.DBImport.Interfaces\Appacitive.Tools.DBImport.Interfaces.csproj", "{3AC05C5D-5A09-4CF0-AAE9-38E995E5348F}"
EndProject
Project("{FAE04EC0-301F-11D3-BF4B-00C04F79EFBC}") = "Appacitive.Tools.DBImport.Model", "Appacitive.Tools.DBImport.Model\Appacitive.Tools.DBImport.Model.csproj", "{D19D3DB3-B3A7-467A-8611-9858F40314EF}"
EndProject
Project("{FAE04EC0-301F-11D3-BF4B-00C04F79EFBC}") = "Appacitive.Tools.Whisperer", "Appacitive.Tools.Whisperer\Appacitive.Tools.Whisperer.csproj", "{7C342731-528B-43E1-B984-B2A14A364E2A}"
EndProject
Project("{FAE04EC0-301F-11D3-BF4B-00C04F79EFBC}") = "Appacitive.Tools.DBImport.Logging", "Appacitive.Tools.DBImport.Logging\Appacitive.Tools.DBImport.Logging.csproj", "{1C281D0F-D513-40B7-8D1C-929C29C60D04}"
EndProject
Global
	GlobalSection(SolutionConfigurationPlatforms) = preSolution
		Debug|Any CPU = Debug|Any CPU
		Debug|Mixed Platforms = Debug|Mixed Platforms
		Debug|x86 = Debug|x86
		Release|Any CPU = Release|Any CPU
		Release|Mixed Platforms = Release|Mixed Platforms
		Release|x86 = Release|x86
	EndGlobalSection
	GlobalSection(ProjectConfigurationPlatforms) = postSolution
		{D62FD373-B926-47C5-BD47-364C598DE999}.Debug|Any CPU.ActiveCfg = Debug|x86
		{D62FD373-B926-47C5-BD47-364C598DE999}.Debug|Mixed Platforms.ActiveCfg = Debug|x86
		{D62FD373-B926-47C5-BD47-364C598DE999}.Debug|Mixed Platforms.Build.0 = Debug|x86
		{D62FD373-B926-47C5-BD47-364C598DE999}.Debug|x86.ActiveCfg = Debug|x86
		{D62FD373-B926-47C5-BD47-364C598DE999}.Debug|x86.Build.0 = Debug|x86
		{D62FD373-B926-47C5-BD47-364C598DE999}.Release|Any CPU.ActiveCfg = Release|x86
		{D62FD373-B926-47C5-BD47-364C598DE999}.Release|Mixed Platforms.ActiveCfg = Release|x86
		{D62FD373-B926-47C5-BD47-364C598DE999}.Release|Mixed Platforms.Build.0 = Release|x86
		{D62FD373-B926-47C5-BD47-364C598DE999}.Release|x86.ActiveCfg = Release|x86
		{D62FD373-B926-47C5-BD47-364C598DE999}.Release|x86.Build.0 = Release|x86
		{103FFD66-7759-415E-B356-2771089B109C}.Debug|Any CPU.ActiveCfg = Debug|Any CPU
		{103FFD66-7759-415E-B356-2771089B109C}.Debug|Any CPU.Build.0 = Debug|Any CPU
		{103FFD66-7759-415E-B356-2771089B109C}.Debug|Mixed Platforms.ActiveCfg = Debug|Any CPU
		{103FFD66-7759-415E-B356-2771089B109C}.Debug|Mixed Platforms.Build.0 = Debug|Any CPU
		{103FFD66-7759-415E-B356-2771089B109C}.Debug|x86.ActiveCfg = Debug|Any CPU
		{103FFD66-7759-415E-B356-2771089B109C}.Release|Any CPU.ActiveCfg = Release|Any CPU
		{103FFD66-7759-415E-B356-2771089B109C}.Release|Any CPU.Build.0 = Release|Any CPU
		{103FFD66-7759-415E-B356-2771089B109C}.Release|Mixed Platforms.ActiveCfg = Release|Any CPU
		{103FFD66-7759-415E-B356-2771089B109C}.Release|Mixed Platforms.Build.0 = Release|Any CPU
		{103FFD66-7759-415E-B356-2771089B109C}.Release|x86.ActiveCfg = Release|Any CPU
		{A62A9F78-8311-4DA5-B7E4-97710F34984A}.Debug|Any CPU.ActiveCfg = Debug|Any CPU
		{A62A9F78-8311-4DA5-B7E4-97710F34984A}.Debug|Any CPU.Build.0 = Debug|Any CPU
		{A62A9F78-8311-4DA5-B7E4-97710F34984A}.Debug|Mixed Platforms.ActiveCfg = Debug|Any CPU
		{A62A9F78-8311-4DA5-B7E4-97710F34984A}.Debug|Mixed Platforms.Build.0 = Debug|Any CPU
		{A62A9F78-8311-4DA5-B7E4-97710F34984A}.Debug|x86.ActiveCfg = Debug|Any CPU
		{A62A9F78-8311-4DA5-B7E4-97710F34984A}.Release|Any CPU.ActiveCfg = Release|Any CPU
		{A62A9F78-8311-4DA5-B7E4-97710F34984A}.Release|Any CPU.Build.0 = Release|Any CPU
		{A62A9F78-8311-4DA5-B7E4-97710F34984A}.Release|Mixed Platforms.ActiveCfg = Release|Any CPU
		{A62A9F78-8311-4DA5-B7E4-97710F34984A}.Release|Mixed Platforms.Build.0 = Release|Any CPU
		{A62A9F78-8311-4DA5-B7E4-97710F34984A}.Release|x86.ActiveCfg = Release|Any CPU
		{AB91CC84-6566-45F4-BA54-5169F9880522}.Debug|Any CPU.ActiveCfg = Debug|Any CPU
		{AB91CC84-6566-45F4-BA54-5169F9880522}.Debug|Any CPU.Build.0 = Debug|Any CPU
		{AB91CC84-6566-45F4-BA54-5169F9880522}.Debug|Mixed Platforms.ActiveCfg = Debug|Any CPU
		{AB91CC84-6566-45F4-BA54-5169F9880522}.Debug|Mixed Platforms.Build.0 = Debug|Any CPU
		{AB91CC84-6566-45F4-BA54-5169F9880522}.Debug|x86.ActiveCfg = Debug|Any CPU
		{AB91CC84-6566-45F4-BA54-5169F9880522}.Release|Any CPU.ActiveCfg = Release|Any CPU
		{AB91CC84-6566-45F4-BA54-5169F9880522}.Release|Any CPU.Build.0 = Release|Any CPU
		{AB91CC84-6566-45F4-BA54-5169F9880522}.Release|Mixed Platforms.ActiveCfg = Release|Any CPU
		{AB91CC84-6566-45F4-BA54-5169F9880522}.Release|Mixed Platforms.Build.0 = Release|Any CPU
		{AB91CC84-6566-45F4-BA54-5169F9880522}.Release|x86.ActiveCfg = Release|Any CPU
		{3AC05C5D-5A09-4CF0-AAE9-38E995E5348F}.Debug|Any CPU.ActiveCfg = Debug|Any CPU
		{3AC05C5D-5A09-4CF0-AAE9-38E995E5348F}.Debug|Any CPU.Build.0 = Debug|Any CPU
		{3AC05C5D-5A09-4CF0-AAE9-38E995E5348F}.Debug|Mixed Platforms.ActiveCfg = Debug|Any CPU
		{3AC05C5D-5A09-4CF0-AAE9-38E995E5348F}.Debug|Mixed Platforms.Build.0 = Debug|Any CPU
		{3AC05C5D-5A09-4CF0-AAE9-38E995E5348F}.Debug|x86.ActiveCfg = Debug|Any CPU
		{3AC05C5D-5A09-4CF0-AAE9-38E995E5348F}.Release|Any CPU.ActiveCfg = Release|Any CPU
		{3AC05C5D-5A09-4CF0-AAE9-38E995E5348F}.Release|Any CPU.Build.0 = Release|Any CPU
		{3AC05C5D-5A09-4CF0-AAE9-38E995E5348F}.Release|Mixed Platforms.ActiveCfg = Release|Any CPU
		{3AC05C5D-5A09-4CF0-AAE9-38E995E5348F}.Release|Mixed Platforms.Build.0 = Release|Any CPU
		{3AC05C5D-5A09-4CF0-AAE9-38E995E5348F}.Release|x86.ActiveCfg = Release|Any CPU
		{D19D3DB3-B3A7-467A-8611-9858F40314EF}.Debug|Any CPU.ActiveCfg = Debug|Any CPU
		{D19D3DB3-B3A7-467A-8611-9858F40314EF}.Debug|Any CPU.Build.0 = Debug|Any CPU
		{D19D3DB3-B3A7-467A-8611-9858F40314EF}.Debug|Mixed Platforms.ActiveCfg = Debug|Any CPU
		{D19D3DB3-B3A7-467A-8611-9858F40314EF}.Debug|Mixed Platforms.Build.0 = Debug|Any CPU
		{D19D3DB3-B3A7-467A-8611-9858F40314EF}.Debug|x86.ActiveCfg = Debug|Any CPU
		{D19D3DB3-B3A7-467A-8611-9858F40314EF}.Release|Any CPU.ActiveCfg = Release|Any CPU
		{D19D3DB3-B3A7-467A-8611-9858F40314EF}.Release|Any CPU.Build.0 = Release|Any CPU
		{D19D3DB3-B3A7-467A-8611-9858F40314EF}.Release|Mixed Platforms.ActiveCfg = Release|Any CPU
		{D19D3DB3-B3A7-467A-8611-9858F40314EF}.Release|Mixed Platforms.Build.0 = Release|Any CPU
		{D19D3DB3-B3A7-467A-8611-9858F40314EF}.Release|x86.ActiveCfg = Release|Any CPU
		{7C342731-528B-43E1-B984-B2A14A364E2A}.Debug|Any CPU.ActiveCfg = Debug|Any CPU
		{7C342731-528B-43E1-B984-B2A14A364E2A}.Debug|Any CPU.Build.0 = Debug|Any CPU
		{7C342731-528B-43E1-B984-B2A14A364E2A}.Debug|Mixed Platforms.ActiveCfg = Debug|Any CPU
		{7C342731-528B-43E1-B984-B2A14A364E2A}.Debug|Mixed Platforms.Build.0 = Debug|Any CPU
		{7C342731-528B-43E1-B984-B2A14A364E2A}.Debug|x86.ActiveCfg = Debug|Any CPU
		{7C342731-528B-43E1-B984-B2A14A364E2A}.Release|Any CPU.ActiveCfg = Release|Any CPU
		{7C342731-528B-43E1-B984-B2A14A364E2A}.Release|Any CPU.Build.0 = Release|Any CPU
		{7C342731-528B-43E1-B984-B2A14A364E2A}.Release|Mixed Platforms.ActiveCfg = Release|Any CPU
		{7C342731-528B-43E1-B984-B2A14A364E2A}.Release|Mixed Platforms.Build.0 = Release|Any CPU
		{7C342731-528B-43E1-B984-B2A14A364E2A}.Release|x86.ActiveCfg = Release|Any CPU
		{1C281D0F-D513-40B7-8D1C-929C29C60D04}.Debug|Any CPU.ActiveCfg = Debug|Any CPU
		{1C281D0F-D513-40B7-8D1C-929C29C60D04}.Debug|Any CPU.Build.0 = Debug|Any CPU
		{1C281D0F-D513-40B7-8D1C-929C29C60D04}.Debug|Mixed Platforms.ActiveCfg = Debug|Any CPU
		{1C281D0F-D513-40B7-8D1C-929C29C60D04}.Debug|Mixed Platforms.Build.0 = Debug|Any CPU
		{1C281D0F-D513-40B7-8D1C-929C29C60D04}.Debug|x86.ActiveCfg = Debug|Any CPU
		{1C281D0F-D513-40B7-8D1C-929C29C60D04}.Release|Any CPU.ActiveCfg = Release|Any CPU
		{1C281D0F-D513-40B7-8D1C-929C29C60D04}.Release|Any CPU.Build.0 = Release|Any CPU
		{1C281D0F-D513-40B7-8D1C-929C29C60D04}.Release|Mixed Platforms.ActiveCfg = Release|Any CPU
		{1C281D0F-D513-40B7-8D1C-929C29C60D04}.Release|Mixed Platforms.Build.0 = Release|Any CPU
		{1C281D0F-D513-40B7-8D1C-929C29C60D04}.Release|x86.ActiveCfg = Release|Any CPU
	EndGlobalSection
	GlobalSection(SolutionProperties) = preSolution
		HideSolutionNode = FALSE
	EndGlobalSection
	GlobalSection(NestedProjects) = preSolution
		{103FFD66-7759-415E-B356-2771089B109C} = {FDAF9EA0-A6EC-4AB2-8143-3E369E725FD5}
		{A62A9F78-8311-4DA5-B7E4-97710F34984A} = {FDAF9EA0-A6EC-4AB2-8143-3E369E725FD5}
	EndGlobalSection
EndGlobal
